// !$*UTF8*$!
{
	archiveVersion = 1;
	classes = {
	};
	objectVersion = 48;
	objects = {

/* Begin PBXBuildFile section */
		A806150421EC26E8008BC777 /* OpenGL.framework in Frameworks */ = {isa = PBXBuildFile; fileRef = A806150321EC20B7008BC777 /* OpenGL.framework */; };
		A806150821EC2DC1008BC777 /* libglfw3.a in Frameworks */ = {isa = PBXBuildFile; fileRef = A806150521EC2701008BC777 /* libglfw3.a */; };
		A806150A21EC30AC008BC777 /* Cocoa.framework in Frameworks */ = {isa = PBXBuildFile; fileRef = A806150921EC30A4008BC777 /* Cocoa.framework */; };
		A806150D21EC313F008BC777 /* CoreVideo.framework in Frameworks */ = {isa = PBXBuildFile; fileRef = A806150B21EC3138008BC777 /* CoreVideo.framework */; };
		A806150E21EC3145008BC777 /* IOKit.framework in Frameworks */ = {isa = PBXBuildFile; fileRef = A806150C21EC3138008BC777 /* IOKit.framework */; };
/* End PBXBuildFile section */

/* Begin PBXCopyFilesBuildPhase section */
		A8DD9EE421EC053B00692623 /* CopyFiles */ = {
			isa = PBXCopyFilesBuildPhase;
			buildActionMask = 2147483647;
			dstPath = /usr/share/man/man1/;
			dstSubfolderSpec = 0;
			files = (
			);
			runOnlyForDeploymentPostprocessing = 1;
		};
/* End PBXCopyFilesBuildPhase section */

/* Begin PBXFileReference section */
		A806150321EC20B7008BC777 /* OpenGL.framework */ = {isa = PBXFileReference; lastKnownFileType = wrapper.framework; name = OpenGL.framework; path = System/Library/Frameworks/OpenGL.framework; sourceTree = SDKROOT; };
		A806150521EC2701008BC777 /* libglfw3.a */ = {isa = PBXFileReference; lastKnownFileType = archive.ar; name = libglfw3.a; path = ../../../../../usr/local/lib/libglfw3.a; sourceTree = "<group>"; };
		A806150921EC30A4008BC777 /* Cocoa.framework */ = {isa = PBXFileReference; lastKnownFileType = wrapper.framework; name = Cocoa.framework; path = System/Library/Frameworks/Cocoa.framework; sourceTree = SDKROOT; };
		A806150B21EC3138008BC777 /* CoreVideo.framework */ = {isa = PBXFileReference; lastKnownFileType = wrapper.framework; name = CoreVideo.framework; path = System/Library/Frameworks/CoreVideo.framework; sourceTree = SDKROOT; };
		A806150C21EC3138008BC777 /* IOKit.framework */ = {isa = PBXFileReference; lastKnownFileType = wrapper.framework; name = IOKit.framework; path = System/Library/Frameworks/IOKit.framework; sourceTree = SDKROOT; };
		A8BC026021F0D56800912344 /* opengl-test */ = {isa = PBXFileReference; explicitFileType = "compiled.mach-o.executable"; includeInIndex = 0; path = "opengl-test"; sourceTree = BUILT_PRODUCTS_DIR; };
		A8BC028B21F0F4F300912344 /* filehandling.h */ = {isa = PBXFileReference; lastKnownFileType = sourcecode.c.h; path = filehandling.h; sourceTree = "<group>"; };
		A8BC028C21F0F4F300912344 /* display.c */ = {isa = PBXFileReference; lastKnownFileType = sourcecode.c.c; path = display.c; sourceTree = "<group>"; };
		A8BC028D21F0F4F300912344 /* state.c */ = {isa = PBXFileReference; lastKnownFileType = sourcecode.c.c; path = state.c; sourceTree = "<group>"; };
		A8BC028E21F0F4F300912344 /* errorhandling.c */ = {isa = PBXFileReference; lastKnownFileType = sourcecode.c.c; path = errorhandling.c; sourceTree = "<group>"; };
		A8BC028F21F0F4F300912344 /* display.h */ = {isa = PBXFileReference; lastKnownFileType = sourcecode.c.h; path = display.h; sourceTree = "<group>"; };
		A8BC029021F0F4F300912344 /* main.c */ = {isa = PBXFileReference; lastKnownFileType = sourcecode.c.c; path = main.c; sourceTree = "<group>"; };
		A8BC029121F0F4F300912344 /* filehandling.c */ = {isa = PBXFileReference; lastKnownFileType = sourcecode.c.c; path = filehandling.c; sourceTree = "<group>"; };
		A8BC029221F0F4F300912344 /* errorhandling.h */ = {isa = PBXFileReference; lastKnownFileType = sourcecode.c.h; path = errorhandling.h; sourceTree = "<group>"; };
		A8BC029321F0F4F300912344 /* state.h */ = {isa = PBXFileReference; lastKnownFileType = sourcecode.c.h; path = state.h; sourceTree = "<group>"; };
/* End PBXFileReference section */

/* Begin PBXFrameworksBuildPhase section */
		A8DD9EE321EC053B00692623 /* Frameworks */ = {
			isa = PBXFrameworksBuildPhase;
			buildActionMask = 2147483647;
			files = (
				A806150E21EC3145008BC777 /* IOKit.framework in Frameworks */,
				A806150D21EC313F008BC777 /* CoreVideo.framework in Frameworks */,
				A806150A21EC30AC008BC777 /* Cocoa.framework in Frameworks */,
				A806150821EC2DC1008BC777 /* libglfw3.a in Frameworks */,
				A806150421EC26E8008BC777 /* OpenGL.framework in Frameworks */,
			);
			runOnlyForDeploymentPostprocessing = 0;
		};
/* End PBXFrameworksBuildPhase section */

/* Begin PBXGroup section */
		A806150221EC20B7008BC777 /* Frameworks */ = {
			isa = PBXGroup;
			children = (
				A806150B21EC3138008BC777 /* CoreVideo.framework */,
				A806150C21EC3138008BC777 /* IOKit.framework */,
				A806150921EC30A4008BC777 /* Cocoa.framework */,
				A806150521EC2701008BC777 /* libglfw3.a */,
				A806150321EC20B7008BC777 /* OpenGL.framework */,
			);
			name = Frameworks;
			sourceTree = "<group>";
		};
		A8BC028A21F0F4F300912344 /* src */ = {
			isa = PBXGroup;
			children = (
				A8BC028B21F0F4F300912344 /* filehandling.h */,
				A8BC028C21F0F4F300912344 /* display.c */,
				A8BC028D21F0F4F300912344 /* state.c */,
				A8BC028E21F0F4F300912344 /* errorhandling.c */,
				A8BC028F21F0F4F300912344 /* display.h */,
				A8BC029021F0F4F300912344 /* main.c */,
				A8BC029121F0F4F300912344 /* filehandling.c */,
				A8BC029221F0F4F300912344 /* errorhandling.h */,
				A8BC029321F0F4F300912344 /* state.h */,
			);
			path = src;
			sourceTree = "<group>";
		};
		A8DD9EDD21EC053B00692623 = {
			isa = PBXGroup;
			children = (
				A8BC028A21F0F4F300912344 /* src */,
				A806150221EC20B7008BC777 /* Frameworks */,
				A8BC026021F0D56800912344 /* opengl-test */,
			);
			sourceTree = "<group>";
		};
/* End PBXGroup section */

/* Begin PBXNativeTarget section */
		A8DD9EE521EC053B00692623 /* opengl-test */ = {
			isa = PBXNativeTarget;
			buildConfigurationList = A8DD9EED21EC053B00692623 /* Build configuration list for PBXNativeTarget "opengl-test" */;
			buildPhases = (
				A8DD9EE221EC053B00692623 /* Sources */,
				A8DD9EE321EC053B00692623 /* Frameworks */,
				A8DD9EE421EC053B00692623 /* CopyFiles */,
			);
			buildRules = (
			);
			dependencies = (
			);
			name = "opengl-test";
			productName = "opengl-test";
			productReference = A8BC026021F0D56800912344 /* opengl-test */;
			productType = "com.apple.product-type.tool";
		};
/* End PBXNativeTarget section */

/* Begin PBXProject section */
		A8DD9EDE21EC053B00692623 /* Project object */ = {
			isa = PBXProject;
			attributes = {
				LastUpgradeCheck = 0920;
				ORGANIZATIONNAME = "Sage Farrenholz";
				TargetAttributes = {
					A8DD9EE521EC053B00692623 = {
						CreatedOnToolsVersion = 9.2;
						ProvisioningStyle = Automatic;
					};
				};
			};
			buildConfigurationList = A8DD9EE121EC053B00692623 /* Build configuration list for PBXProject "opengl-test" */;
			compatibilityVersion = "Xcode 8.0";
			developmentRegion = en;
			hasScannedForEncodings = 0;
			knownRegions = (
				en,
			);
			mainGroup = A8DD9EDD21EC053B00692623;
			productRefGroup = A8DD9EDD21EC053B00692623;
			projectDirPath = "";
			projectRoot = "";
			targets = (
				A8DD9EE521EC053B00692623 /* opengl-test */,
			);
		};
/* End PBXProject section */

/* Begin PBXSourcesBuildPhase section */
		A8DD9EE221EC053B00692623 /* Sources */ = {
			isa = PBXSourcesBuildPhase;
			buildActionMask = 2147483647;
			files = (
			);
			runOnlyForDeploymentPostprocessing = 0;
		};
/* End PBXSourcesBuildPhase section */

/* Begin XCBuildConfiguration section */
		A8DD9EEB21EC053B00692623 /* Debug */ = {
			isa = XCBuildConfiguration;
			buildSettings = {
				ALWAYS_SEARCH_USER_PATHS = NO;
				CLANG_ANALYZER_NONNULL = YES;
				CLANG_ANALYZER_NUMBER_OBJECT_CONVERSION = YES_AGGRESSIVE;
				CLANG_CXX_LANGUAGE_STANDARD = "gnu++14";
				CLANG_CXX_LIBRARY = "libc++";
				CLANG_ENABLE_MODULES = YES;
				CLANG_ENABLE_OBJC_ARC = YES;
				CLANG_WARN_BLOCK_CAPTURE_AUTORELEASING = YES;
				CLANG_WARN_BOOL_CONVERSION = YES;
				CLANG_WARN_COMMA = YES;
				CLANG_WARN_CONSTANT_CONVERSION = YES;
				CLANG_WARN_DIRECT_OBJC_ISA_USAGE = YES_ERROR;
				CLANG_WARN_DOCUMENTATION_COMMENTS = YES;
				CLANG_WARN_EMPTY_BODY = YES;
				CLANG_WARN_ENUM_CONVERSION = YES;
				CLANG_WARN_INFINITE_RECURSION = YES;
				CLANG_WARN_INT_CONVERSION = YES;
				CLANG_WARN_NON_LITERAL_NULL_CONVERSION = YES;
				CLANG_WARN_OBJC_LITERAL_CONVERSION = YES;
				CLANG_WARN_OBJC_ROOT_CLASS = YES_ERROR;
				CLANG_WARN_RANGE_LOOP_ANALYSIS = YES;
				CLANG_WARN_STRICT_PROTOTYPES = YES;
				CLANG_WARN_SUSPICIOUS_MOVE = YES;
				CLANG_WARN_UNGUARDED_AVAILABILITY = YES_AGGRESSIVE;
				CLANG_WARN_UNREACHABLE_CODE = YES;
				CLANG_WARN__DUPLICATE_METHOD_MATCH = YES;
				CODE_SIGN_IDENTITY = "-";
				COPY_PHASE_STRIP = NO;
				DEBUG_INFORMATION_FORMAT = dwarf;
				ENABLE_STRICT_OBJC_MSGSEND = YES;
				ENABLE_TESTABILITY = YES;
				GCC_C_LANGUAGE_STANDARD = gnu11;
				GCC_DYNAMIC_NO_PIC = NO;
				GCC_NO_COMMON_BLOCKS = YES;
				GCC_OPTIMIZATION_LEVEL = 0;
				GCC_PREPROCESSOR_DEFINITIONS = (
					"DEBUG=1",
					"$(inherited)",
				);
				GCC_WARN_64_TO_32_BIT_CONVERSION = YES;
				GCC_WARN_ABOUT_RETURN_TYPE = YES_ERROR;
				GCC_WARN_UNDECLARED_SELECTOR = YES;
				GCC_WARN_UNINITIALIZED_AUTOS = YES_AGGRESSIVE;
				GCC_WARN_UNUSED_FUNCTION = YES;
				GCC_WARN_UNUSED_VARIABLE = YES;
				MACOSX_DEPLOYMENT_TARGET = 10.14;
				MTL_ENABLE_DEBUG_INFO = YES;
				ONLY_ACTIVE_ARCH = YES;
				SDKROOT = macosx;
			};
			name = Debug;
		};
		A8DD9EEC21EC053B00692623 /* Release */ = {
			isa = XCBuildConfiguration;
			buildSettings = {
				ALWAYS_SEARCH_USER_PATHS = NO;
				CLANG_ANALYZER_NONNULL = YES;
				CLANG_ANALYZER_NUMBER_OBJECT_CONVERSION = YES_AGGRESSIVE;
				CLANG_CXX_LANGUAGE_STANDARD = "gnu++14";
				CLANG_CXX_LIBRARY = "libc++";
				CLANG_ENABLE_MODULES = YES;
				CLANG_ENABLE_OBJC_ARC = YES;
				CLANG_WARN_BLOCK_CAPTURE_AUTORELEASING = YES;
				CLANG_WARN_BOOL_CONVERSION = YES;
				CLANG_WARN_COMMA = YES;
				CLANG_WARN_CONSTANT_CONVERSION = YES;
				CLANG_WARN_DIRECT_OBJC_ISA_USAGE = YES_ERROR;
				CLANG_WARN_DOCUMENTATION_COMMENTS = YES;
				CLANG_WARN_EMPTY_BODY = YES;
				CLANG_WARN_ENUM_CONVERSION = YES;
				CLANG_WARN_INFINITE_RECURSION = YES;
				CLANG_WARN_INT_CONVERSION = YES;
				CLANG_WARN_NON_LITERAL_NULL_CONVERSION = YES;
				CLANG_WARN_OBJC_LITERAL_CONVERSION = YES;
				CLANG_WARN_OBJC_ROOT_CLASS = YES_ERROR;
				CLANG_WARN_RANGE_LOOP_ANALYSIS = YES;
				CLANG_WARN_STRICT_PROTOTYPES = YES;
				CLANG_WARN_SUSPICIOUS_MOVE = YES;
				CLANG_WARN_UNGUARDED_AVAILABILITY = YES_AGGRESSIVE;
				CLANG_WARN_UNREACHABLE_CODE = YES;
				CLANG_WARN__DUPLICATE_METHOD_MATCH = YES;
				CODE_SIGN_IDENTITY = "-";
				COPY_PHASE_STRIP = NO;
				DEBUG_INFORMATION_FORMAT = "dwarf-with-dsym";
				ENABLE_NS_ASSERTIONS = NO;
				ENABLE_STRICT_OBJC_MSGSEND = YES;
				GCC_C_LANGUAGE_STANDARD = gnu11;
				GCC_NO_COMMON_BLOCKS = YES;
				GCC_WARN_64_TO_32_BIT_CONVERSION = YES;
				GCC_WARN_ABOUT_RETURN_TYPE = YES_ERROR;
				GCC_WARN_UNDECLARED_SELECTOR = YES;
				GCC_WARN_UNINITIALIZED_AUTOS = YES_AGGRESSIVE;
				GCC_WARN_UNUSED_FUNCTION = YES;
				GCC_WARN_UNUSED_VARIABLE = YES;
				MACOSX_DEPLOYMENT_TARGET = 10.14;
				MTL_ENABLE_DEBUG_INFO = NO;
				SDKROOT = macosx;
			};
			name = Release;
		};
		A8DD9EEE21EC053B00692623 /* Debug */ = {
			isa = XCBuildConfiguration;
			buildSettings = {
				CODE_SIGN_STYLE = Automatic;
				HEADER_SEARCH_PATHS = /usr/local/include;
				LIBRARY_SEARCH_PATHS = /usr/local/lib;
				MACOSX_DEPLOYMENT_TARGET = 10.14;
				OTHER_LDFLAGS = "";
				PRODUCT_NAME = "$(TARGET_NAME)";
				SYMROOT = "($BUILD_DIR)";
			};
			name = Debug;
		};
		A8DD9EEF21EC053B00692623 /* Release */ = {
			isa = XCBuildConfiguration;
			buildSettings = {
				CODE_SIGN_STYLE = Automatic;
				HEADER_SEARCH_PATHS = /usr/local/include;
				LIBRARY_SEARCH_PATHS = /usr/local/lib;
				MACOSX_DEPLOYMENT_TARGET = 10.14;
				OTHER_LDFLAGS = "";
				PRODUCT_NAME = "$(TARGET_NAME)";
				SYMROOT = "($BUILD_DIR)";
			};
			name = Release;
		};
/* End XCBuildConfiguration section */

/* Begin XCConfigurationList section */
		A8DD9EE121EC053B00692623 /* Build configuration list for PBXProject "opengl-test" */ = {
			isa = XCConfigurationList;
			buildConfigurations = (
				A8DD9EEB21EC053B00692623 /* Debug */,
				A8DD9EEC21EC053B00692623 /* Release */,
			);
			defaultConfigurationIsVisible = 0;
			defaultConfigurationName = Release;
		};
		A8DD9EED21EC053B00692623 /* Build configuration list for PBXNativeTarget "opengl-test" */ = {
			isa = XCConfigurationList;
			buildConfigurations = (
				A8DD9EEE21EC053B00692623 /* Debug */,
				A8DD9EEF21EC053B00692623 /* Release */,
			);
			defaultConfigurationIsVisible = 0;
			defaultConfigurationName = Release;
		};
/* End XCConfigurationList section */
	};
	rootObject = A8DD9EDE21EC053B00692623 /* Project object */;
}
